
Microsoft Visual Studio Solution File, Format Version 12.00
# Visual Studio Version 17
VisualStudioVersion = 17.5.33516.290
MinimumVisualStudioVersion = 10.0.40219.1
Project("{FAE04EC0-301F-11D3-BF4B-00C04F79EFBC}") = "TrainProject", "TrainProject\TrainProject.csproj", "{8ADB496C-F315-49F8-B361-BA488F66B60A}"
EndProject
Global
	GlobalSection(SolutionConfigurationPlatforms) = preSolution
		Debug|Any CPU = Debug|Any CPU
		Release|Any CPU = Release|Any CPU
	EndGlobalSection
	GlobalSection(ProjectConfigurationPlatforms) = postSolution
		{8ADB496C-F315-49F8-B361-BA488F66B60A}.Debug|Any CPU.ActiveCfg = Debug|Any CPU
		{8ADB496C-F315-49F8-B361-BA488F66B60A}.Debug|Any CPU.Build.0 = Debug|Any CPU
		{8ADB496C-F315-49F8-B361-BA488F66B60A}.Release|Any CPU.ActiveCfg = Release|Any CPU
		{8ADB496C-F315-49F8-B361-BA488F66B60A}.Release|Any CPU.Build.0 = Release|Any CPU
	EndGlobalSection
	GlobalSection(SolutionProperties) = preSolution
		HideSolutionNode = FALSE
	EndGlobalSection
	GlobalSection(ExtensibilityGlobals) = postSolution
		SolutionGuid = {C539EFE1-B004-42EE-8148-F9F5862DF881}
	EndGlobalSection
EndGlobal
